
Microsoft Visual Studio Solution File, Format Version 12.00
# Visual Studio Version 16
VisualStudioVersion = 16.0.30011.22
MinimumVisualStudioVersion = 10.0.40219.1
Project("{FAE04EC0-301F-11D3-BF4B-00C04F79EFBC}") = "Salon_Mgt_Arshdeep", "Salon_Mgt_Arshdeep\Salon_Mgt_Arshdeep.csproj", "{D6772F2A-FC18-40A6-8CA1-36DAAE5FD864}"
EndProject
Global
	GlobalSection(SolutionConfigurationPlatforms) = preSolution
		Debug|Any CPU = Debug|Any CPU
		Release|Any CPU = Release|Any CPU
	EndGlobalSection
	GlobalSection(ProjectConfigurationPlatforms) = postSolution
		{D6772F2A-FC18-40A6-8CA1-36DAAE5FD864}.Debug|Any CPU.ActiveCfg = Debug|Any CPU
		{D6772F2A-FC18-40A6-8CA1-36DAAE5FD864}.Debug|Any CPU.Build.0 = Debug|Any CPU
		{D6772F2A-FC18-40A6-8CA1-36DAAE5FD864}.Release|Any CPU.ActiveCfg = Release|Any CPU
		{D6772F2A-FC18-40A6-8CA1-36DAAE5FD864}.Release|Any CPU.Build.0 = Release|Any CPU
	EndGlobalSection
	GlobalSection(SolutionProperties) = preSolution
		HideSolutionNode = FALSE
	EndGlobalSection
	GlobalSection(ExtensibilityGlobals) = postSolution
		SolutionGuid = {49BEC248-8162-47E1-A144-578511E233C8}
	EndGlobalSection
EndGlobal
